// !$*UTF8*$!
{
	archiveVersion = 1;
	classes = {
	};
	objectVersion = 51;
	objects = {

/* Begin PBXBuildFile section */
		233C9BAE24C22471001AE70A /* AppDelegate.swift in Sources */ = {isa = PBXBuildFile; fileRef = 233C9BAD24C22471001AE70A /* AppDelegate.swift */; };
		233C9BB024C22471001AE70A /* SceneDelegate.swift in Sources */ = {isa = PBXBuildFile; fileRef = 233C9BAF24C22471001AE70A /* SceneDelegate.swift */; };
		233C9BB724C22472001AE70A /* Assets.xcassets in Resources */ = {isa = PBXBuildFile; fileRef = 233C9BB624C22472001AE70A /* Assets.xcassets */; };
		233C9BBA24C22472001AE70A /* LaunchScreen.storyboard in Resources */ = {isa = PBXBuildFile; fileRef = 233C9BB824C22472001AE70A /* LaunchScreen.storyboard */; };
		233C9BC524C22472001AE70A /* WeatherMapTests.swift in Sources */ = {isa = PBXBuildFile; fileRef = 233C9BC424C22472001AE70A /* WeatherMapTests.swift */; };
		233C9BD124C225A4001AE70A /* MapViewController.xib in Resources */ = {isa = PBXBuildFile; fileRef = 233C9BD024C225A4001AE70A /* MapViewController.xib */; };
		233C9BD324C225AE001AE70A /* MapViewController.swift in Sources */ = {isa = PBXBuildFile; fileRef = 233C9BD224C225AE001AE70A /* MapViewController.swift */; };
		233C9BD524C226D1001AE70A /* Main.storyboard in Resources */ = {isa = PBXBuildFile; fileRef = 233C9BD424C226D1001AE70A /* Main.storyboard */; };
		233C9BDF24C23034001AE70A /* LocationController.swift in Sources */ = {isa = PBXBuildFile; fileRef = 233C9BDE24C23034001AE70A /* LocationController.swift */; };
		233C9BE224C23791001AE70A /* Api.swift in Sources */ = {isa = PBXBuildFile; fileRef = 233C9BE124C23791001AE70A /* Api.swift */; };
		233C9BE424C2382E001AE70A /* TypedResult.swift in Sources */ = {isa = PBXBuildFile; fileRef = 233C9BE324C2382E001AE70A /* TypedResult.swift */; };
		233C9BE724C2384C001AE70A /* CustomError.swift in Sources */ = {isa = PBXBuildFile; fileRef = 233C9BE624C2384C001AE70A /* CustomError.swift */; };
		233C9BEA24C23928001AE70A /* DayWeather.swift in Sources */ = {isa = PBXBuildFile; fileRef = 233C9BE924C23928001AE70A /* DayWeather.swift */; };
		233C9BEC24C23A35001AE70A /* TemperatureDetails.swift in Sources */ = {isa = PBXBuildFile; fileRef = 233C9BEB24C23A35001AE70A /* TemperatureDetails.swift */; };
		233C9BEE24C23AFE001AE70A /* CurrentWeather.swift in Sources */ = {isa = PBXBuildFile; fileRef = 233C9BED24C23AFE001AE70A /* CurrentWeather.swift */; };
		233C9BF024C23C5C001AE70A /* WeatherCondition.swift in Sources */ = {isa = PBXBuildFile; fileRef = 233C9BEF24C23C5C001AE70A /* WeatherCondition.swift */; };
		233C9BF324C23DA1001AE70A /* WeatherResponse.swift in Sources */ = {isa = PBXBuildFile; fileRef = 233C9BF224C23DA1001AE70A /* WeatherResponse.swift */; };
		233C9BF624C23E89001AE70A /* WeatherRequestObject.swift in Sources */ = {isa = PBXBuildFile; fileRef = 233C9BF524C23E89001AE70A /* WeatherRequestObject.swift */; };
		233C9BF824C23F2B001AE70A /* ApiConfiguration.swift in Sources */ = {isa = PBXBuildFile; fileRef = 233C9BF724C23F2B001AE70A /* ApiConfiguration.swift */; };
		233C9BFA24C2441E001AE70A /* WeatherController.swift in Sources */ = {isa = PBXBuildFile; fileRef = 233C9BF924C2441E001AE70A /* WeatherController.swift */; };
		233C9BFC24C24720001AE70A /* WeatherViewController.xib in Resources */ = {isa = PBXBuildFile; fileRef = 233C9BFB24C24720001AE70A /* WeatherViewController.xib */; };
		233C9BFE24C24729001AE70A /* WeatherViewController.swift in Sources */ = {isa = PBXBuildFile; fileRef = 233C9BFD24C24729001AE70A /* WeatherViewController.swift */; };
		233C9C0124C249D4001AE70A /* DailyWeatherTableViewCell.xib in Resources */ = {isa = PBXBuildFile; fileRef = 233C9C0024C249D4001AE70A /* DailyWeatherTableViewCell.xib */; };
		233C9C0324C249DD001AE70A /* DailyWeatherTableViewCell.swift in Sources */ = {isa = PBXBuildFile; fileRef = 233C9C0224C249DD001AE70A /* DailyWeatherTableViewCell.swift */; };
		338474ED6B3296B5B2CE1017 /* Pods_WeatherMap.framework in Frameworks */ = {isa = PBXBuildFile; fileRef = 7AD416DA4DDBB154EB10240F /* Pods_WeatherMap.framework */; };
		A878854676AAA5D6601E0ED0 /* Pods_WeatherMapTests.framework in Frameworks */ = {isa = PBXBuildFile; fileRef = B406F71DFAF3B8D57E07E085 /* Pods_WeatherMapTests.framework */; };
/* End PBXBuildFile section */

/* Begin PBXContainerItemProxy section */
		233C9BC124C22472001AE70A /* PBXContainerItemProxy */ = {
			isa = PBXContainerItemProxy;
			containerPortal = 233C9BA224C22471001AE70A /* Project object */;
			proxyType = 1;
			remoteGlobalIDString = 233C9BA924C22471001AE70A;
			remoteInfo = WeatherMap;
		};
/* End PBXContainerItemProxy section */

/* Begin PBXFileReference section */
		004B2671295951B9021C5F56 /* Pods-WeatherMap.release.xcconfig */ = {isa = PBXFileReference; includeInIndex = 1; lastKnownFileType = text.xcconfig; name = "Pods-WeatherMap.release.xcconfig"; path = "Target Support Files/Pods-WeatherMap/Pods-WeatherMap.release.xcconfig"; sourceTree = "<group>"; };
		0BA1A71487FC25DA412A79D5 /* Pods-WeatherMapTests.debug.xcconfig */ = {isa = PBXFileReference; includeInIndex = 1; lastKnownFileType = text.xcconfig; name = "Pods-WeatherMapTests.debug.xcconfig"; path = "Target Support Files/Pods-WeatherMapTests/Pods-WeatherMapTests.debug.xcconfig"; sourceTree = "<group>"; };
		0ED21F590929EBD2BED004D2 /* Pods-WeatherMap.debug.xcconfig */ = {isa = PBXFileReference; includeInIndex = 1; lastKnownFileType = text.xcconfig; name = "Pods-WeatherMap.debug.xcconfig"; path = "Target Support Files/Pods-WeatherMap/Pods-WeatherMap.debug.xcconfig"; sourceTree = "<group>"; };
		233C9BAA24C22471001AE70A /* WeatherMap.app */ = {isa = PBXFileReference; explicitFileType = wrapper.application; includeInIndex = 0; path = WeatherMap.app; sourceTree = BUILT_PRODUCTS_DIR; };
		233C9BAD24C22471001AE70A /* AppDelegate.swift */ = {isa = PBXFileReference; lastKnownFileType = sourcecode.swift; path = AppDelegate.swift; sourceTree = "<group>"; };
		233C9BAF24C22471001AE70A /* SceneDelegate.swift */ = {isa = PBXFileReference; lastKnownFileType = sourcecode.swift; path = SceneDelegate.swift; sourceTree = "<group>"; };
		233C9BB624C22472001AE70A /* Assets.xcassets */ = {isa = PBXFileReference; lastKnownFileType = folder.assetcatalog; path = Assets.xcassets; sourceTree = "<group>"; };
		233C9BB924C22472001AE70A /* Base */ = {isa = PBXFileReference; lastKnownFileType = file.storyboard; name = Base; path = Base.lproj/LaunchScreen.storyboard; sourceTree = "<group>"; };
		233C9BBB24C22472001AE70A /* Info.plist */ = {isa = PBXFileReference; lastKnownFileType = text.plist.xml; path = Info.plist; sourceTree = "<group>"; };
		233C9BC024C22472001AE70A /* WeatherMapTests.xctest */ = {isa = PBXFileReference; explicitFileType = wrapper.cfbundle; includeInIndex = 0; path = WeatherMapTests.xctest; sourceTree = BUILT_PRODUCTS_DIR; };
		233C9BC424C22472001AE70A /* WeatherMapTests.swift */ = {isa = PBXFileReference; lastKnownFileType = sourcecode.swift; path = WeatherMapTests.swift; sourceTree = "<group>"; };
		233C9BC624C22472001AE70A /* Info.plist */ = {isa = PBXFileReference; lastKnownFileType = text.plist.xml; path = Info.plist; sourceTree = "<group>"; };
		233C9BD024C225A4001AE70A /* MapViewController.xib */ = {isa = PBXFileReference; lastKnownFileType = file.xib; path = MapViewController.xib; sourceTree = "<group>"; };
		233C9BD224C225AE001AE70A /* MapViewController.swift */ = {isa = PBXFileReference; lastKnownFileType = sourcecode.swift; path = MapViewController.swift; sourceTree = "<group>"; };
		233C9BD424C226D1001AE70A /* Main.storyboard */ = {isa = PBXFileReference; lastKnownFileType = file.storyboard; path = Main.storyboard; sourceTree = "<group>"; };
		233C9BDE24C23034001AE70A /* LocationController.swift */ = {isa = PBXFileReference; lastKnownFileType = sourcecode.swift; path = LocationController.swift; sourceTree = "<group>"; };
		233C9BE124C23791001AE70A /* Api.swift */ = {isa = PBXFileReference; lastKnownFileType = sourcecode.swift; path = Api.swift; sourceTree = "<group>"; };
		233C9BE324C2382E001AE70A /* TypedResult.swift */ = {isa = PBXFileReference; lastKnownFileType = sourcecode.swift; path = TypedResult.swift; sourceTree = "<group>"; };
		233C9BE624C2384C001AE70A /* CustomError.swift */ = {isa = PBXFileReference; lastKnownFileType = sourcecode.swift; path = CustomError.swift; sourceTree = "<group>"; };
		233C9BE924C23928001AE70A /* DayWeather.swift */ = {isa = PBXFileReference; lastKnownFileType = sourcecode.swift; path = DayWeather.swift; sourceTree = "<group>"; };
		233C9BEB24C23A35001AE70A /* TemperatureDetails.swift */ = {isa = PBXFileReference; lastKnownFileType = sourcecode.swift; path = TemperatureDetails.swift; sourceTree = "<group>"; };
		233C9BED24C23AFE001AE70A /* CurrentWeather.swift */ = {isa = PBXFileReference; lastKnownFileType = sourcecode.swift; path = CurrentWeather.swift; sourceTree = "<group>"; };
		233C9BEF24C23C5C001AE70A /* WeatherCondition.swift */ = {isa = PBXFileReference; lastKnownFileType = sourcecode.swift; path = WeatherCondition.swift; sourceTree = "<group>"; };
		233C9BF224C23DA1001AE70A /* WeatherResponse.swift */ = {isa = PBXFileReference; lastKnownFileType = sourcecode.swift; path = WeatherResponse.swift; sourceTree = "<group>"; };
		233C9BF524C23E89001AE70A /* WeatherRequestObject.swift */ = {isa = PBXFileReference; lastKnownFileType = sourcecode.swift; path = WeatherRequestObject.swift; sourceTree = "<group>"; };
		233C9BF724C23F2B001AE70A /* ApiConfiguration.swift */ = {isa = PBXFileReference; lastKnownFileType = sourcecode.swift; path = ApiConfiguration.swift; sourceTree = "<group>"; };
		233C9BF924C2441E001AE70A /* WeatherController.swift */ = {isa = PBXFileReference; lastKnownFileType = sourcecode.swift; path = WeatherController.swift; sourceTree = "<group>"; };
		233C9BFB24C24720001AE70A /* WeatherViewController.xib */ = {isa = PBXFileReference; lastKnownFileType = file.xib; path = WeatherViewController.xib; sourceTree = "<group>"; };
		233C9BFD24C24729001AE70A /* WeatherViewController.swift */ = {isa = PBXFileReference; lastKnownFileType = sourcecode.swift; path = WeatherViewController.swift; sourceTree = "<group>"; };
		233C9C0024C249D4001AE70A /* DailyWeatherTableViewCell.xib */ = {isa = PBXFileReference; lastKnownFileType = file.xib; path = DailyWeatherTableViewCell.xib; sourceTree = "<group>"; };
		233C9C0224C249DD001AE70A /* DailyWeatherTableViewCell.swift */ = {isa = PBXFileReference; lastKnownFileType = sourcecode.swift; path = DailyWeatherTableViewCell.swift; sourceTree = "<group>"; };
		4199105240251DE06AA19399 /* Pods-WeatherMapTests.release.xcconfig */ = {isa = PBXFileReference; includeInIndex = 1; lastKnownFileType = text.xcconfig; name = "Pods-WeatherMapTests.release.xcconfig"; path = "Target Support Files/Pods-WeatherMapTests/Pods-WeatherMapTests.release.xcconfig"; sourceTree = "<group>"; };
		7AD416DA4DDBB154EB10240F /* Pods_WeatherMap.framework */ = {isa = PBXFileReference; explicitFileType = wrapper.framework; includeInIndex = 0; path = Pods_WeatherMap.framework; sourceTree = BUILT_PRODUCTS_DIR; };
		B406F71DFAF3B8D57E07E085 /* Pods_WeatherMapTests.framework */ = {isa = PBXFileReference; explicitFileType = wrapper.framework; includeInIndex = 0; path = Pods_WeatherMapTests.framework; sourceTree = BUILT_PRODUCTS_DIR; };
/* End PBXFileReference section */

/* Begin PBXFrameworksBuildPhase section */
		233C9BA724C22471001AE70A /* Frameworks */ = {
			isa = PBXFrameworksBuildPhase;
			buildActionMask = 2147483647;
			files = (
				338474ED6B3296B5B2CE1017 /* Pods_WeatherMap.framework in Frameworks */,
			);
			runOnlyForDeploymentPostprocessing = 0;
		};
		233C9BBD24C22472001AE70A /* Frameworks */ = {
			isa = PBXFrameworksBuildPhase;
			buildActionMask = 2147483647;
			files = (
				A878854676AAA5D6601E0ED0 /* Pods_WeatherMapTests.framework in Frameworks */,
			);
			runOnlyForDeploymentPostprocessing = 0;
		};
/* End PBXFrameworksBuildPhase section */

/* Begin PBXGroup section */
		233C9BA124C22471001AE70A = {
			isa = PBXGroup;
			children = (
				233C9BAC24C22471001AE70A /* WeatherMap */,
				233C9BC324C22472001AE70A /* WeatherMapTests */,
				233C9BAB24C22471001AE70A /* Products */,
				B9A2C32A70503FF2879514BC /* Pods */,
				3D647EBFA7E32111D70A6F1D /* Frameworks */,
			);
			sourceTree = "<group>";
		};
		233C9BAB24C22471001AE70A /* Products */ = {
			isa = PBXGroup;
			children = (
				233C9BAA24C22471001AE70A /* WeatherMap.app */,
				233C9BC024C22472001AE70A /* WeatherMapTests.xctest */,
			);
			name = Products;
			sourceTree = "<group>";
		};
		233C9BAC24C22471001AE70A /* WeatherMap */ = {
			isa = PBXGroup;
			children = (
				233C9BDC24C23022001AE70A /* Core */,
				233C9BCF24C22598001AE70A /* UI */,
				233C9BAD24C22471001AE70A /* AppDelegate.swift */,
				233C9BAF24C22471001AE70A /* SceneDelegate.swift */,
				233C9BB624C22472001AE70A /* Assets.xcassets */,
				233C9BBB24C22472001AE70A /* Info.plist */,
			);
			path = WeatherMap;
			sourceTree = "<group>";
		};
		233C9BC324C22472001AE70A /* WeatherMapTests */ = {
			isa = PBXGroup;
			children = (
				233C9BC424C22472001AE70A /* WeatherMapTests.swift */,
				233C9BC624C22472001AE70A /* Info.plist */,
			);
			path = WeatherMapTests;
			sourceTree = "<group>";
		};
		233C9BCF24C22598001AE70A /* UI */ = {
			isa = PBXGroup;
			children = (
				233C9BFF24C249C5001AE70A /* Views */,
				233C9BD724C2274D001AE70A /* View controllers */,
				233C9BD624C22744001AE70A /* Storyboards */,
			);
			path = UI;
			sourceTree = "<group>";
		};
		233C9BD624C22744001AE70A /* Storyboards */ = {
			isa = PBXGroup;
			children = (
				233C9BD424C226D1001AE70A /* Main.storyboard */,
				233C9BB824C22472001AE70A /* LaunchScreen.storyboard */,
			);
			path = Storyboards;
			sourceTree = "<group>";
		};
		233C9BD724C2274D001AE70A /* View controllers */ = {
			isa = PBXGroup;
			children = (
				233C9BD024C225A4001AE70A /* MapViewController.xib */,
				233C9BD224C225AE001AE70A /* MapViewController.swift */,
				233C9BFB24C24720001AE70A /* WeatherViewController.xib */,
				233C9BFD24C24729001AE70A /* WeatherViewController.swift */,
			);
			path = "View controllers";
			sourceTree = "<group>";
		};
		233C9BDC24C23022001AE70A /* Core */ = {
			isa = PBXGroup;
			children = (
				233C9BE024C23785001AE70A /* API */,
				233C9BDD24C23026001AE70A /* Controllers */,
			);
			path = Core;
			sourceTree = "<group>";
		};
		233C9BDD24C23026001AE70A /* Controllers */ = {
			isa = PBXGroup;
			children = (
				233C9BDE24C23034001AE70A /* LocationController.swift */,
				233C9BF924C2441E001AE70A /* WeatherController.swift */,
			);
			path = Controllers;
			sourceTree = "<group>";
		};
		233C9BE024C23785001AE70A /* API */ = {
			isa = PBXGroup;
			children = (
				233C9BE124C23791001AE70A /* Api.swift */,
				233C9BF724C23F2B001AE70A /* ApiConfiguration.swift */,
				233C9BE324C2382E001AE70A /* TypedResult.swift */,
				233C9BE824C23906001AE70A /* Model */,
				233C9BE524C23844001AE70A /* Errors */,
				233C9BF424C23E75001AE70A /* Request Objects */,
				233C9BF124C23D7E001AE70A /* Responses */,
			);
			path = API;
			sourceTree = "<group>";
		};
		233C9BE524C23844001AE70A /* Errors */ = {
			isa = PBXGroup;
			children = (
				233C9BE624C2384C001AE70A /* CustomError.swift */,
			);
			path = Errors;
			sourceTree = "<group>";
		};
		233C9BE824C23906001AE70A /* Model */ = {
			isa = PBXGroup;
			children = (
				233C9BED24C23AFE001AE70A /* CurrentWeather.swift */,
				233C9BEF24C23C5C001AE70A /* WeatherCondition.swift */,
				233C9BE924C23928001AE70A /* DayWeather.swift */,
				233C9BEB24C23A35001AE70A /* TemperatureDetails.swift */,
			);
			path = Model;
			sourceTree = "<group>";
		};
		233C9BF124C23D7E001AE70A /* Responses */ = {
			isa = PBXGroup;
			children = (
				233C9BF224C23DA1001AE70A /* WeatherResponse.swift */,
			);
			path = Responses;
			sourceTree = "<group>";
		};
		233C9BF424C23E75001AE70A /* Request Objects */ = {
			isa = PBXGroup;
			children = (
				233C9BF524C23E89001AE70A /* WeatherRequestObject.swift */,
			);
			path = "Request Objects";
			sourceTree = "<group>";
		};
		233C9BFF24C249C5001AE70A /* Views */ = {
			isa = PBXGroup;
			children = (
				233C9C0024C249D4001AE70A /* DailyWeatherTableViewCell.xib */,
				233C9C0224C249DD001AE70A /* DailyWeatherTableViewCell.swift */,
			);
			path = Views;
			sourceTree = "<group>";
		};
		3D647EBFA7E32111D70A6F1D /* Frameworks */ = {
			isa = PBXGroup;
			children = (
				7AD416DA4DDBB154EB10240F /* Pods_WeatherMap.framework */,
				B406F71DFAF3B8D57E07E085 /* Pods_WeatherMapTests.framework */,
			);
			name = Frameworks;
			sourceTree = "<group>";
		};
		B9A2C32A70503FF2879514BC /* Pods */ = {
			isa = PBXGroup;
			children = (
				0ED21F590929EBD2BED004D2 /* Pods-WeatherMap.debug.xcconfig */,
				004B2671295951B9021C5F56 /* Pods-WeatherMap.release.xcconfig */,
				0BA1A71487FC25DA412A79D5 /* Pods-WeatherMapTests.debug.xcconfig */,
				4199105240251DE06AA19399 /* Pods-WeatherMapTests.release.xcconfig */,
			);
			path = Pods;
			sourceTree = "<group>";
		};
/* End PBXGroup section */

/* Begin PBXNativeTarget section */
		233C9BA924C22471001AE70A /* WeatherMap */ = {
			isa = PBXNativeTarget;
			buildConfigurationList = 233C9BC924C22472001AE70A /* Build configuration list for PBXNativeTarget "WeatherMap" */;
			buildPhases = (
				AC697800AB0816B2716A878D /* [CP] Check Pods Manifest.lock */,
				233C9BA624C22471001AE70A /* Sources */,
				233C9BA724C22471001AE70A /* Frameworks */,
				233C9BA824C22471001AE70A /* Resources */,
				1F6026BCB92A2CF54EDDBC98 /* [CP] Embed Pods Frameworks */,
			);
			buildRules = (
			);
			dependencies = (
			);
			name = WeatherMap;
			productName = WeatherMap;
			productReference = 233C9BAA24C22471001AE70A /* WeatherMap.app */;
			productType = "com.apple.product-type.application";
		};
		233C9BBF24C22472001AE70A /* WeatherMapTests */ = {
			isa = PBXNativeTarget;
			buildConfigurationList = 233C9BCC24C22472001AE70A /* Build configuration list for PBXNativeTarget "WeatherMapTests" */;
			buildPhases = (
				2CC2D16CDC90923EDFBECEFC /* [CP] Check Pods Manifest.lock */,
				233C9BBC24C22472001AE70A /* Sources */,
				233C9BBD24C22472001AE70A /* Frameworks */,
				233C9BBE24C22472001AE70A /* Resources */,
			);
			buildRules = (
			);
			dependencies = (
				233C9BC224C22472001AE70A /* PBXTargetDependency */,
			);
			name = WeatherMapTests;
			productName = WeatherMapTests;
			productReference = 233C9BC024C22472001AE70A /* WeatherMapTests.xctest */;
			productType = "com.apple.product-type.bundle.unit-test";
		};
/* End PBXNativeTarget section */

/* Begin PBXProject section */
		233C9BA224C22471001AE70A /* Project object */ = {
			isa = PBXProject;
			attributes = {
				LastSwiftUpdateCheck = 1160;
				LastUpgradeCheck = 1160;
				ORGANIZATIONNAME = Test;
				TargetAttributes = {
					233C9BA924C22471001AE70A = {
						CreatedOnToolsVersion = 11.6;
					};
					233C9BBF24C22472001AE70A = {
						CreatedOnToolsVersion = 11.6;
						TestTargetID = 233C9BA924C22471001AE70A;
					};
				};
			};
			buildConfigurationList = 233C9BA524C22471001AE70A /* Build configuration list for PBXProject "WeatherMap" */;
			compatibilityVersion = "Xcode 9.3";
			developmentRegion = en;
			hasScannedForEncodings = 0;
			knownRegions = (
				en,
				Base,
			);
			mainGroup = 233C9BA124C22471001AE70A;
			productRefGroup = 233C9BAB24C22471001AE70A /* Products */;
			projectDirPath = "";
			projectRoot = "";
			targets = (
				233C9BA924C22471001AE70A /* WeatherMap */,
				233C9BBF24C22472001AE70A /* WeatherMapTests */,
			);
		};
/* End PBXProject section */

/* Begin PBXResourcesBuildPhase section */
		233C9BA824C22471001AE70A /* Resources */ = {
			isa = PBXResourcesBuildPhase;
			buildActionMask = 2147483647;
			files = (
				233C9BFC24C24720001AE70A /* WeatherViewController.xib in Resources */,
				233C9BBA24C22472001AE70A /* LaunchScreen.storyboard in Resources */,
				233C9BD124C225A4001AE70A /* MapViewController.xib in Resources */,
				233C9BB724C22472001AE70A /* Assets.xcassets in Resources */,
				233C9C0124C249D4001AE70A /* DailyWeatherTableViewCell.xib in Resources */,
				233C9BD524C226D1001AE70A /* Main.storyboard in Resources */,
			);
			runOnlyForDeploymentPostprocessing = 0;
		};
		233C9BBE24C22472001AE70A /* Resources */ = {
			isa = PBXResourcesBuildPhase;
			buildActionMask = 2147483647;
			files = (
			);
			runOnlyForDeploymentPostprocessing = 0;
		};
/* End PBXResourcesBuildPhase section */

/* Begin PBXShellScriptBuildPhase section */
		1F6026BCB92A2CF54EDDBC98 /* [CP] Embed Pods Frameworks */ = {
			isa = PBXShellScriptBuildPhase;
			buildActionMask = 2147483647;
			files = (
			);
			inputFileListPaths = (
				"${PODS_ROOT}/Target Support Files/Pods-WeatherMap/Pods-WeatherMap-frameworks-${CONFIGURATION}-input-files.xcfilelist",
			);
			name = "[CP] Embed Pods Frameworks";
			outputFileListPaths = (
				"${PODS_ROOT}/Target Support Files/Pods-WeatherMap/Pods-WeatherMap-frameworks-${CONFIGURATION}-output-files.xcfilelist",
			);
			runOnlyForDeploymentPostprocessing = 0;
			shellPath = /bin/sh;
			shellScript = "\"${PODS_ROOT}/Target Support Files/Pods-WeatherMap/Pods-WeatherMap-frameworks.sh\"\n";
			showEnvVarsInLog = 0;
		};
		2CC2D16CDC90923EDFBECEFC /* [CP] Check Pods Manifest.lock */ = {
			isa = PBXShellScriptBuildPhase;
			buildActionMask = 2147483647;
			files = (
			);
			inputFileListPaths = (
			);
			inputPaths = (
				"${PODS_PODFILE_DIR_PATH}/Podfile.lock",
				"${PODS_ROOT}/Manifest.lock",
			);
			name = "[CP] Check Pods Manifest.lock";
			outputFileListPaths = (
			);
			outputPaths = (
				"$(DERIVED_FILE_DIR)/Pods-WeatherMapTests-checkManifestLockResult.txt",
			);
			runOnlyForDeploymentPostprocessing = 0;
			shellPath = /bin/sh;
			shellScript = "diff \"${PODS_PODFILE_DIR_PATH}/Podfile.lock\" \"${PODS_ROOT}/Manifest.lock\" > /dev/null\nif [ $? != 0 ] ; then\n    # print error to STDERR\n    echo \"error: The sandbox is not in sync with the Podfile.lock. Run 'pod install' or update your CocoaPods installation.\" >&2\n    exit 1\nfi\n# This output is used by Xcode 'outputs' to avoid re-running this script phase.\necho \"SUCCESS\" > \"${SCRIPT_OUTPUT_FILE_0}\"\n";
			showEnvVarsInLog = 0;
		};
		AC697800AB0816B2716A878D /* [CP] Check Pods Manifest.lock */ = {
			isa = PBXShellScriptBuildPhase;
			buildActionMask = 2147483647;
			files = (
			);
			inputFileListPaths = (
			);
			inputPaths = (
				"${PODS_PODFILE_DIR_PATH}/Podfile.lock",
				"${PODS_ROOT}/Manifest.lock",
			);
			name = "[CP] Check Pods Manifest.lock";
			outputFileListPaths = (
			);
			outputPaths = (
				"$(DERIVED_FILE_DIR)/Pods-WeatherMap-checkManifestLockResult.txt",
			);
			runOnlyForDeploymentPostprocessing = 0;
			shellPath = /bin/sh;
			shellScript = "diff \"${PODS_PODFILE_DIR_PATH}/Podfile.lock\" \"${PODS_ROOT}/Manifest.lock\" > /dev/null\nif [ $? != 0 ] ; then\n    # print error to STDERR\n    echo \"error: The sandbox is not in sync with the Podfile.lock. Run 'pod install' or update your CocoaPods installation.\" >&2\n    exit 1\nfi\n# This output is used by Xcode 'outputs' to avoid re-running this script phase.\necho \"SUCCESS\" > \"${SCRIPT_OUTPUT_FILE_0}\"\n";
			showEnvVarsInLog = 0;
		};
/* End PBXShellScriptBuildPhase section */

/* Begin PBXSourcesBuildPhase section */
		233C9BA624C22471001AE70A /* Sources */ = {
			isa = PBXSourcesBuildPhase;
			buildActionMask = 2147483647;
			files = (
				233C9BF624C23E89001AE70A /* WeatherRequestObject.swift in Sources */,
				233C9C0324C249DD001AE70A /* DailyWeatherTableViewCell.swift in Sources */,
				233C9BE724C2384C001AE70A /* CustomError.swift in Sources */,
				233C9BDF24C23034001AE70A /* LocationController.swift in Sources */,
				233C9BEC24C23A35001AE70A /* TemperatureDetails.swift in Sources */,
				233C9BE424C2382E001AE70A /* TypedResult.swift in Sources */,
				233C9BFE24C24729001AE70A /* WeatherViewController.swift in Sources */,
				233C9BF824C23F2B001AE70A /* ApiConfiguration.swift in Sources */,
				233C9BAE24C22471001AE70A /* AppDelegate.swift in Sources */,
				233C9BD324C225AE001AE70A /* MapViewController.swift in Sources */,
				233C9BE224C23791001AE70A /* Api.swift in Sources */,
				233C9BF324C23DA1001AE70A /* WeatherResponse.swift in Sources */,
				233C9BB024C22471001AE70A /* SceneDelegate.swift in Sources */,
				233C9BEE24C23AFE001AE70A /* CurrentWeather.swift in Sources */,
				233C9BEA24C23928001AE70A /* DayWeather.swift in Sources */,
				233C9BF024C23C5C001AE70A /* WeatherCondition.swift in Sources */,
				233C9BFA24C2441E001AE70A /* WeatherController.swift in Sources */,
			);
			runOnlyForDeploymentPostprocessing = 0;
		};
		233C9BBC24C22472001AE70A /* Sources */ = {
			isa = PBXSourcesBuildPhase;
			buildActionMask = 2147483647;
			files = (
				233C9BC524C22472001AE70A /* WeatherMapTests.swift in Sources */,
			);
			runOnlyForDeploymentPostprocessing = 0;
		};
/* End PBXSourcesBuildPhase section */

/* Begin PBXTargetDependency section */
		233C9BC224C22472001AE70A /* PBXTargetDependency */ = {
			isa = PBXTargetDependency;
			target = 233C9BA924C22471001AE70A /* WeatherMap */;
			targetProxy = 233C9BC124C22472001AE70A /* PBXContainerItemProxy */;
		};
/* End PBXTargetDependency section */

/* Begin PBXVariantGroup section */
		233C9BB824C22472001AE70A /* LaunchScreen.storyboard */ = {
			isa = PBXVariantGroup;
			children = (
				233C9BB924C22472001AE70A /* Base */,
			);
			name = LaunchScreen.storyboard;
			sourceTree = "<group>";
		};
/* End PBXVariantGroup section */

/* Begin XCBuildConfiguration section */
		233C9BC724C22472001AE70A /* Debug */ = {
			isa = XCBuildConfiguration;
			buildSettings = {
				ALWAYS_SEARCH_USER_PATHS = NO;
				CLANG_ANALYZER_NONNULL = YES;
				CLANG_ANALYZER_NUMBER_OBJECT_CONVERSION = YES_AGGRESSIVE;
				CLANG_CXX_LANGUAGE_STANDARD = "gnu++14";
				CLANG_CXX_LIBRARY = "libc++";
				CLANG_ENABLE_MODULES = YES;
				CLANG_ENABLE_OBJC_ARC = YES;
				CLANG_ENABLE_OBJC_WEAK = YES;
				CLANG_WARN_BLOCK_CAPTURE_AUTORELEASING = YES;
				CLANG_WARN_BOOL_CONVERSION = YES;
				CLANG_WARN_COMMA = YES;
				CLANG_WARN_CONSTANT_CONVERSION = YES;
				CLANG_WARN_DEPRECATED_OBJC_IMPLEMENTATIONS = YES;
				CLANG_WARN_DIRECT_OBJC_ISA_USAGE = YES_ERROR;
				CLANG_WARN_DOCUMENTATION_COMMENTS = YES;
				CLANG_WARN_EMPTY_BODY = YES;
				CLANG_WARN_ENUM_CONVERSION = YES;
				CLANG_WARN_INFINITE_RECURSION = YES;
				CLANG_WARN_INT_CONVERSION = YES;
				CLANG_WARN_NON_LITERAL_NULL_CONVERSION = YES;
				CLANG_WARN_OBJC_IMPLICIT_RETAIN_SELF = YES;
				CLANG_WARN_OBJC_LITERAL_CONVERSION = YES;
				CLANG_WARN_OBJC_ROOT_CLASS = YES_ERROR;
				CLANG_WARN_RANGE_LOOP_ANALYSIS = YES;
				CLANG_WARN_STRICT_PROTOTYPES = YES;
				CLANG_WARN_SUSPICIOUS_MOVE = YES;
				CLANG_WARN_UNGUARDED_AVAILABILITY = YES_AGGRESSIVE;
				CLANG_WARN_UNREACHABLE_CODE = YES;
				CLANG_WARN__DUPLICATE_METHOD_MATCH = YES;
				COPY_PHASE_STRIP = NO;
				DEBUG_INFORMATION_FORMAT = dwarf;
				ENABLE_STRICT_OBJC_MSGSEND = YES;
				ENABLE_TESTABILITY = YES;
				GCC_C_LANGUAGE_STANDARD = gnu11;
				GCC_DYNAMIC_NO_PIC = NO;
				GCC_NO_COMMON_BLOCKS = YES;
				GCC_OPTIMIZATION_LEVEL = 0;
				GCC_PREPROCESSOR_DEFINITIONS = (
					"DEBUG=1",
					"$(inherited)",
				);
				GCC_WARN_64_TO_32_BIT_CONVERSION = YES;
				GCC_WARN_ABOUT_RETURN_TYPE = YES_ERROR;
				GCC_WARN_UNDECLARED_SELECTOR = YES;
				GCC_WARN_UNINITIALIZED_AUTOS = YES_AGGRESSIVE;
				GCC_WARN_UNUSED_FUNCTION = YES;
				GCC_WARN_UNUSED_VARIABLE = YES;
				IPHONEOS_DEPLOYMENT_TARGET = 13.6;
				MTL_ENABLE_DEBUG_INFO = INCLUDE_SOURCE;
				MTL_FAST_MATH = YES;
				ONLY_ACTIVE_ARCH = YES;
				SDKROOT = iphoneos;
				SWIFT_ACTIVE_COMPILATION_CONDITIONS = DEBUG;
				SWIFT_OPTIMIZATION_LEVEL = "-Onone";
			};
			name = Debug;
		};
		233C9BC824C22472001AE70A /* Release */ = {
			isa = XCBuildConfiguration;
			buildSettings = {
				ALWAYS_SEARCH_USER_PATHS = NO;
				CLANG_ANALYZER_NONNULL = YES;
				CLANG_ANALYZER_NUMBER_OBJECT_CONVERSION = YES_AGGRESSIVE;
				CLANG_CXX_LANGUAGE_STANDARD = "gnu++14";
				CLANG_CXX_LIBRARY = "libc++";
				CLANG_ENABLE_MODULES = YES;
				CLANG_ENABLE_OBJC_ARC = YES;
				CLANG_ENABLE_OBJC_WEAK = YES;
				CLANG_WARN_BLOCK_CAPTURE_AUTORELEASING = YES;
				CLANG_WARN_BOOL_CONVERSION = YES;
				CLANG_WARN_COMMA = YES;
				CLANG_WARN_CONSTANT_CONVERSION = YES;
				CLANG_WARN_DEPRECATED_OBJC_IMPLEMENTATIONS = YES;
				CLANG_WARN_DIRECT_OBJC_ISA_USAGE = YES_ERROR;
				CLANG_WARN_DOCUMENTATION_COMMENTS = YES;
				CLANG_WARN_EMPTY_BODY = YES;
				CLANG_WARN_ENUM_CONVERSION = YES;
				CLANG_WARN_INFINITE_RECURSION = YES;
				CLANG_WARN_INT_CONVERSION = YES;
				CLANG_WARN_NON_LITERAL_NULL_CONVERSION = YES;
				CLANG_WARN_OBJC_IMPLICIT_RETAIN_SELF = YES;
				CLANG_WARN_OBJC_LITERAL_CONVERSION = YES;
				CLANG_WARN_OBJC_ROOT_CLASS = YES_ERROR;
				CLANG_WARN_RANGE_LOOP_ANALYSIS = YES;
				CLANG_WARN_STRICT_PROTOTYPES = YES;
				CLANG_WARN_SUSPICIOUS_MOVE = YES;
				CLANG_WARN_UNGUARDED_AVAILABILITY = YES_AGGRESSIVE;
				CLANG_WARN_UNREACHABLE_CODE = YES;
				CLANG_WARN__DUPLICATE_METHOD_MATCH = YES;
				COPY_PHASE_STRIP = NO;
				DEBUG_INFORMATION_FORMAT = "dwarf-with-dsym";
				ENABLE_NS_ASSERTIONS = NO;
				ENABLE_STRICT_OBJC_MSGSEND = YES;
				GCC_C_LANGUAGE_STANDARD = gnu11;
				GCC_NO_COMMON_BLOCKS = YES;
				GCC_WARN_64_TO_32_BIT_CONVERSION = YES;
				GCC_WARN_ABOUT_RETURN_TYPE = YES_ERROR;
				GCC_WARN_UNDECLARED_SELECTOR = YES;
				GCC_WARN_UNINITIALIZED_AUTOS = YES_AGGRESSIVE;
				GCC_WARN_UNUSED_FUNCTION = YES;
				GCC_WARN_UNUSED_VARIABLE = YES;
				IPHONEOS_DEPLOYMENT_TARGET = 13.6;
				MTL_ENABLE_DEBUG_INFO = NO;
				MTL_FAST_MATH = YES;
				SDKROOT = iphoneos;
				SWIFT_COMPILATION_MODE = wholemodule;
				SWIFT_OPTIMIZATION_LEVEL = "-O";
				VALIDATE_PRODUCT = YES;
			};
			name = Release;
		};
		233C9BCA24C22472001AE70A /* Debug */ = {
			isa = XCBuildConfiguration;
			baseConfigurationReference = 0ED21F590929EBD2BED004D2 /* Pods-WeatherMap.debug.xcconfig */;
			buildSettings = {
				ASSETCATALOG_COMPILER_APPICON_NAME = AppIcon;
				CODE_SIGN_STYLE = Automatic;
				INFOPLIST_FILE = WeatherMap/Info.plist;
				LD_RUNPATH_SEARCH_PATHS = (
					"$(inherited)",
					"@executable_path/Frameworks",
				);
				PRODUCT_BUNDLE_IDENTIFIER = com.matias.WeatherMap;
				PRODUCT_NAME = "$(TARGET_NAME)";
				SWIFT_VERSION = 5.0;
				TARGETED_DEVICE_FAMILY = "1,2";
			};
			name = Debug;
		};
		233C9BCB24C22472001AE70A /* Release */ = {
			isa = XCBuildConfiguration;
			baseConfigurationReference = 004B2671295951B9021C5F56 /* Pods-WeatherMap.release.xcconfig */;
			buildSettings = {
				ASSETCATALOG_COMPILER_APPICON_NAME = AppIcon;
				CODE_SIGN_STYLE = Automatic;
				INFOPLIST_FILE = WeatherMap/Info.plist;
				LD_RUNPATH_SEARCH_PATHS = (
					"$(inherited)",
					"@executable_path/Frameworks",
				);
				PRODUCT_BUNDLE_IDENTIFIER = com.matias.WeatherMap;
				PRODUCT_NAME = "$(TARGET_NAME)";
				SWIFT_VERSION = 5.0;
				TARGETED_DEVICE_FAMILY = "1,2";
			};
			name = Release;
		};
		233C9BCD24C22472001AE70A /* Debug */ = {
			isa = XCBuildConfiguration;
			baseConfigurationReference = 0BA1A71487FC25DA412A79D5 /* Pods-WeatherMapTests.debug.xcconfig */;
			buildSettings = {
				ALWAYS_EMBED_SWIFT_STANDARD_LIBRARIES = YES;
				BUNDLE_LOADER = "$(TEST_HOST)";
				CODE_SIGN_STYLE = Automatic;
				INFOPLIST_FILE = WeatherMapTests/Info.plist;
				IPHONEOS_DEPLOYMENT_TARGET = 13.6;
				LD_RUNPATH_SEARCH_PATHS = (
					"$(inherited)",
					"@executable_path/Frameworks",
					"@loader_path/Frameworks",
				);
				PRODUCT_BUNDLE_IDENTIFIER = com.matias.WeatherMapTests;
				PRODUCT_NAME = "$(TARGET_NAME)";
				SWIFT_VERSION = 5.0;
				TARGETED_DEVICE_FAMILY = "1,2";
				TEST_HOST = "$(BUILT_PRODUCTS_DIR)/WeatherMap.app/WeatherMap";
			};
			name = Debug;
		};
		233C9BCE24C22472001AE70A /* Release */ = {
			isa = XCBuildConfiguration;
			baseConfigurationReference = 4199105240251DE06AA19399 /* Pods-WeatherMapTests.release.xcconfig */;
			buildSettings = {
				ALWAYS_EMBED_SWIFT_STANDARD_LIBRARIES = YES;
				BUNDLE_LOADER = "$(TEST_HOST)";
				CODE_SIGN_STYLE = Automatic;
				INFOPLIST_FILE = WeatherMapTests/Info.plist;
				IPHONEOS_DEPLOYMENT_TARGET = 13.6;
				LD_RUNPATH_SEARCH_PATHS = (
					"$(inherited)",
					"@executable_path/Frameworks",
					"@loader_path/Frameworks",
				);
				PRODUCT_BUNDLE_IDENTIFIER = com.matias.WeatherMapTests;
				PRODUCT_NAME = "$(TARGET_NAME)";
				SWIFT_VERSION = 5.0;
				TARGETED_DEVICE_FAMILY = "1,2";
				TEST_HOST = "$(BUILT_PRODUCTS_DIR)/WeatherMap.app/WeatherMap";
			};
			name = Release;
		};
/* End XCBuildConfiguration section */

/* Begin XCConfigurationList section */
		233C9BA524C22471001AE70A /* Build configuration list for PBXProject "WeatherMap" */ = {
			isa = XCConfigurationList;
			buildConfigurations = (
				233C9BC724C22472001AE70A /* Debug */,
				233C9BC824C22472001AE70A /* Release */,
			);
			defaultConfigurationIsVisible = 0;
			defaultConfigurationName = Release;
		};
		233C9BC924C22472001AE70A /* Build configuration list for PBXNativeTarget "WeatherMap" */ = {
			isa = XCConfigurationList;
			buildConfigurations = (
				233C9BCA24C22472001AE70A /* Debug */,
				233C9BCB24C22472001AE70A /* Release */,
			);
			defaultConfigurationIsVisible = 0;
			defaultConfigurationName = Release;
		};
		233C9BCC24C22472001AE70A /* Build configuration list for PBXNativeTarget "WeatherMapTests" */ = {
			isa = XCConfigurationList;
			buildConfigurations = (
				233C9BCD24C22472001AE70A /* Debug */,
				233C9BCE24C22472001AE70A /* Release */,
			);
			defaultConfigurationIsVisible = 0;
			defaultConfigurationName = Release;
		};
/* End XCConfigurationList section */
	};
	rootObject = 233C9BA224C22471001AE70A /* Project object */;
}
