// !$*UTF8*$!
{
	archiveVersion = 1;
	classes = {
	};
	objectVersion = 50;
	objects = {

/* Begin PBXBuildFile section */
		233C9BAE24C22471001AE70A /* AppDelegate.swift in Sources */ = {isa = PBXBuildFile; fileRef = 233C9BAD24C22471001AE70A /* AppDelegate.swift */; };
		233C9BB024C22471001AE70A /* SceneDelegate.swift in Sources */ = {isa = PBXBuildFile; fileRef = 233C9BAF24C22471001AE70A /* SceneDelegate.swift */; };
		233C9BB224C22471001AE70A /* ViewController.swift in Sources */ = {isa = PBXBuildFile; fileRef = 233C9BB124C22471001AE70A /* ViewController.swift */; };
		233C9BB524C22471001AE70A /* Main.storyboard in Resources */ = {isa = PBXBuildFile; fileRef = 233C9BB324C22471001AE70A /* Main.storyboard */; };
		233C9BB724C22472001AE70A /* Assets.xcassets in Resources */ = {isa = PBXBuildFile; fileRef = 233C9BB624C22472001AE70A /* Assets.xcassets */; };
		233C9BBA24C22472001AE70A /* LaunchScreen.storyboard in Resources */ = {isa = PBXBuildFile; fileRef = 233C9BB824C22472001AE70A /* LaunchScreen.storyboard */; };
		233C9BC524C22472001AE70A /* WeatherMapTests.swift in Sources */ = {isa = PBXBuildFile; fileRef = 233C9BC424C22472001AE70A /* WeatherMapTests.swift */; };
/* End PBXBuildFile section */

/* Begin PBXContainerItemProxy section */
		233C9BC124C22472001AE70A /* PBXContainerItemProxy */ = {
			isa = PBXContainerItemProxy;
			containerPortal = 233C9BA224C22471001AE70A /* Project object */;
			proxyType = 1;
			remoteGlobalIDString = 233C9BA924C22471001AE70A;
			remoteInfo = WeatherMap;
		};
/* End PBXContainerItemProxy section */

/* Begin PBXFileReference section */
		233C9BAA24C22471001AE70A /* WeatherMap.app */ = {isa = PBXFileReference; explicitFileType = wrapper.application; includeInIndex = 0; path = WeatherMap.app; sourceTree = BUILT_PRODUCTS_DIR; };
		233C9BAD24C22471001AE70A /* AppDelegate.swift */ = {isa = PBXFileReference; lastKnownFileType = sourcecode.swift; path = AppDelegate.swift; sourceTree = "<group>"; };
		233C9BAF24C22471001AE70A /* SceneDelegate.swift */ = {isa = PBXFileReference; lastKnownFileType = sourcecode.swift; path = SceneDelegate.swift; sourceTree = "<group>"; };
		233C9BB124C22471001AE70A /* ViewController.swift */ = {isa = PBXFileReference; lastKnownFileType = sourcecode.swift; path = ViewController.swift; sourceTree = "<group>"; };
		233C9BB424C22471001AE70A /* Base */ = {isa = PBXFileReference; lastKnownFileType = file.storyboard; name = Base; path = Base.lproj/Main.storyboard; sourceTree = "<group>"; };
		233C9BB624C22472001AE70A /* Assets.xcassets */ = {isa = PBXFileReference; lastKnownFileType = folder.assetcatalog; path = Assets.xcassets; sourceTree = "<group>"; };
		233C9BB924C22472001AE70A /* Base */ = {isa = PBXFileReference; lastKnownFileType = file.storyboard; name = Base; path = Base.lproj/LaunchScreen.storyboard; sourceTree = "<group>"; };
		233C9BBB24C22472001AE70A /* Info.plist */ = {isa = PBXFileReference; lastKnownFileType = text.plist.xml; path = Info.plist; sourceTree = "<group>"; };
		233C9BC024C22472001AE70A /* WeatherMapTests.xctest */ = {isa = PBXFileReference; explicitFileType = wrapper.cfbundle; includeInIndex = 0; path = WeatherMapTests.xctest; sourceTree = BUILT_PRODUCTS_DIR; };
		233C9BC424C22472001AE70A /* WeatherMapTests.swift */ = {isa = PBXFileReference; lastKnownFileType = sourcecode.swift; path = WeatherMapTests.swift; sourceTree = "<group>"; };
		233C9BC624C22472001AE70A /* Info.plist */ = {isa = PBXFileReference; lastKnownFileType = text.plist.xml; path = Info.plist; sourceTree = "<group>"; };
/* End PBXFileReference section */

/* Begin PBXFrameworksBuildPhase section */
		233C9BA724C22471001AE70A /* Frameworks */ = {
			isa = PBXFrameworksBuildPhase;
			buildActionMask = 2147483647;
			files = (
			);
			runOnlyForDeploymentPostprocessing = 0;
		};
		233C9BBD24C22472001AE70A /* Frameworks */ = {
			isa = PBXFrameworksBuildPhase;
			buildActionMask = 2147483647;
			files = (
			);
			runOnlyForDeploymentPostprocessing = 0;
		};
/* End PBXFrameworksBuildPhase section */

/* Begin PBXGroup section */
		233C9BA124C22471001AE70A = {
			isa = PBXGroup;
			children = (
				233C9BAC24C22471001AE70A /* WeatherMap */,
				233C9BC324C22472001AE70A /* WeatherMapTests */,
				233C9BAB24C22471001AE70A /* Products */,
			);
			sourceTree = "<group>";
		};
		233C9BAB24C22471001AE70A /* Products */ = {
			isa = PBXGroup;
			children = (
				233C9BAA24C22471001AE70A /* WeatherMap.app */,
				233C9BC024C22472001AE70A /* WeatherMapTests.xctest */,
			);
			name = Products;
			sourceTree = "<group>";
		};
		233C9BAC24C22471001AE70A /* WeatherMap */ = {
			isa = PBXGroup;
			children = (
				233C9BAD24C22471001AE70A /* AppDelegate.swift */,
				233C9BAF24C22471001AE70A /* SceneDelegate.swift */,
				233C9BB124C22471001AE70A /* ViewController.swift */,
				233C9BB324C22471001AE70A /* Main.storyboard */,
				233C9BB624C22472001AE70A /* Assets.xcassets */,
				233C9BB824C22472001AE70A /* LaunchScreen.storyboard */,
				233C9BBB24C22472001AE70A /* Info.plist */,
			);
			path = WeatherMap;
			sourceTree = "<group>";
		};
		233C9BC324C22472001AE70A /* WeatherMapTests */ = {
			isa = PBXGroup;
			children = (
				233C9BC424C22472001AE70A /* WeatherMapTests.swift */,
				233C9BC624C22472001AE70A /* Info.plist */,
			);
			path = WeatherMapTests;
			sourceTree = "<group>";
		};
/* End PBXGroup section */

/* Begin PBXNativeTarget section */
		233C9BA924C22471001AE70A /* WeatherMap */ = {
			isa = PBXNativeTarget;
			buildConfigurationList = 233C9BC924C22472001AE70A /* Build configuration list for PBXNativeTarget "WeatherMap" */;
			buildPhases = (
				233C9BA624C22471001AE70A /* Sources */,
				233C9BA724C22471001AE70A /* Frameworks */,
				233C9BA824C22471001AE70A /* Resources */,
			);
			buildRules = (
			);
			dependencies = (
			);
			name = WeatherMap;
			productName = WeatherMap;
			productReference = 233C9BAA24C22471001AE70A /* WeatherMap.app */;
			productType = "com.apple.product-type.application";
		};
		233C9BBF24C22472001AE70A /* WeatherMapTests */ = {
			isa = PBXNativeTarget;
			buildConfigurationList = 233C9BCC24C22472001AE70A /* Build configuration list for PBXNativeTarget "WeatherMapTests" */;
			buildPhases = (
				233C9BBC24C22472001AE70A /* Sources */,
				233C9BBD24C22472001AE70A /* Frameworks */,
				233C9BBE24C22472001AE70A /* Resources */,
			);
			buildRules = (
			);
			dependencies = (
				233C9BC224C22472001AE70A /* PBXTargetDependency */,
			);
			name = WeatherMapTests;
			productName = WeatherMapTests;
			productReference = 233C9BC024C22472001AE70A /* WeatherMapTests.xctest */;
			productType = "com.apple.product-type.bundle.unit-test";
		};
/* End PBXNativeTarget section */

/* Begin PBXProject section */
		233C9BA224C22471001AE70A /* Project object */ = {
			isa = PBXProject;
			attributes = {
				LastSwiftUpdateCheck = 1160;
				LastUpgradeCheck = 1160;
				ORGANIZATIONNAME = Test;
				TargetAttributes = {
					233C9BA924C22471001AE70A = {
						CreatedOnToolsVersion = 11.6;
					};
					233C9BBF24C22472001AE70A = {
						CreatedOnToolsVersion = 11.6;
						TestTargetID = 233C9BA924C22471001AE70A;
					};
				};
			};
			buildConfigurationList = 233C9BA524C22471001AE70A /* Build configuration list for PBXProject "WeatherMap" */;
			compatibilityVersion = "Xcode 9.3";
			developmentRegion = en;
			hasScannedForEncodings = 0;
			knownRegions = (
				en,
				Base,
			);
			mainGroup = 233C9BA124C22471001AE70A;
			productRefGroup = 233C9BAB24C22471001AE70A /* Products */;
			projectDirPath = "";
			projectRoot = "";
			targets = (
				233C9BA924C22471001AE70A /* WeatherMap */,
				233C9BBF24C22472001AE70A /* WeatherMapTests */,
			);
		};
/* End PBXProject section */

/* Begin PBXResourcesBuildPhase section */
		233C9BA824C22471001AE70A /* Resources */ = {
			isa = PBXResourcesBuildPhase;
			buildActionMask = 2147483647;
			files = (
				233C9BBA24C22472001AE70A /* LaunchScreen.storyboard in Resources */,
				233C9BB724C22472001AE70A /* Assets.xcassets in Resources */,
				233C9BB524C22471001AE70A /* Main.storyboard in Resources */,
			);
			runOnlyForDeploymentPostprocessing = 0;
		};
		233C9BBE24C22472001AE70A /* Resources */ = {
			isa = PBXResourcesBuildPhase;
			buildActionMask = 2147483647;
			files = (
			);
			runOnlyForDeploymentPostprocessing = 0;
		};
/* End PBXResourcesBuildPhase section */

/* Begin PBXSourcesBuildPhase section */
		233C9BA624C22471001AE70A /* Sources */ = {
			isa = PBXSourcesBuildPhase;
			buildActionMask = 2147483647;
			files = (
				233C9BB224C22471001AE70A /* ViewController.swift in Sources */,
				233C9BAE24C22471001AE70A /* AppDelegate.swift in Sources */,
				233C9BB024C22471001AE70A /* SceneDelegate.swift in Sources */,
			);
			runOnlyForDeploymentPostprocessing = 0;
		};
		233C9BBC24C22472001AE70A /* Sources */ = {
			isa = PBXSourcesBuildPhase;
			buildActionMask = 2147483647;
			files = (
				233C9BC524C22472001AE70A /* WeatherMapTests.swift in Sources */,
			);
			runOnlyForDeploymentPostprocessing = 0;
		};
/* End PBXSourcesBuildPhase section */

/* Begin PBXTargetDependency section */
		233C9BC224C22472001AE70A /* PBXTargetDependency */ = {
			isa = PBXTargetDependency;
			target = 233C9BA924C22471001AE70A /* WeatherMap */;
			targetProxy = 233C9BC124C22472001AE70A /* PBXContainerItemProxy */;
		};
/* End PBXTargetDependency section */

/* Begin PBXVariantGroup section */
		233C9BB324C22471001AE70A /* Main.storyboard */ = {
			isa = PBXVariantGroup;
			children = (
				233C9BB424C22471001AE70A /* Base */,
			);
			name = Main.storyboard;
			sourceTree = "<group>";
		};
		233C9BB824C22472001AE70A /* LaunchScreen.storyboard */ = {
			isa = PBXVariantGroup;
			children = (
				233C9BB924C22472001AE70A /* Base */,
			);
			name = LaunchScreen.storyboard;
			sourceTree = "<group>";
		};
/* End PBXVariantGroup section */

/* Begin XCBuildConfiguration section */
		233C9BC724C22472001AE70A /* Debug */ = {
			isa = XCBuildConfiguration;
			buildSettings = {
				ALWAYS_SEARCH_USER_PATHS = NO;
				CLANG_ANALYZER_NONNULL = YES;
				CLANG_ANALYZER_NUMBER_OBJECT_CONVERSION = YES_AGGRESSIVE;
				CLANG_CXX_LANGUAGE_STANDARD = "gnu++14";
				CLANG_CXX_LIBRARY = "libc++";
				CLANG_ENABLE_MODULES = YES;
				CLANG_ENABLE_OBJC_ARC = YES;
				CLANG_ENABLE_OBJC_WEAK = YES;
				CLANG_WARN_BLOCK_CAPTURE_AUTORELEASING = YES;
				CLANG_WARN_BOOL_CONVERSION = YES;
				CLANG_WARN_COMMA = YES;
				CLANG_WARN_CONSTANT_CONVERSION = YES;
				CLANG_WARN_DEPRECATED_OBJC_IMPLEMENTATIONS = YES;
				CLANG_WARN_DIRECT_OBJC_ISA_USAGE = YES_ERROR;
				CLANG_WARN_DOCUMENTATION_COMMENTS = YES;
				CLANG_WARN_EMPTY_BODY = YES;
				CLANG_WARN_ENUM_CONVERSION = YES;
				CLANG_WARN_INFINITE_RECURSION = YES;
				CLANG_WARN_INT_CONVERSION = YES;
				CLANG_WARN_NON_LITERAL_NULL_CONVERSION = YES;
				CLANG_WARN_OBJC_IMPLICIT_RETAIN_SELF = YES;
				CLANG_WARN_OBJC_LITERAL_CONVERSION = YES;
				CLANG_WARN_OBJC_ROOT_CLASS = YES_ERROR;
				CLANG_WARN_RANGE_LOOP_ANALYSIS = YES;
				CLANG_WARN_STRICT_PROTOTYPES = YES;
				CLANG_WARN_SUSPICIOUS_MOVE = YES;
				CLANG_WARN_UNGUARDED_AVAILABILITY = YES_AGGRESSIVE;
				CLANG_WARN_UNREACHABLE_CODE = YES;
				CLANG_WARN__DUPLICATE_METHOD_MATCH = YES;
				COPY_PHASE_STRIP = NO;
				DEBUG_INFORMATION_FORMAT = dwarf;
				ENABLE_STRICT_OBJC_MSGSEND = YES;
				ENABLE_TESTABILITY = YES;
				GCC_C_LANGUAGE_STANDARD = gnu11;
				GCC_DYNAMIC_NO_PIC = NO;
				GCC_NO_COMMON_BLOCKS = YES;
				GCC_OPTIMIZATION_LEVEL = 0;
				GCC_PREPROCESSOR_DEFINITIONS = (
					"DEBUG=1",
					"$(inherited)",
				);
				GCC_WARN_64_TO_32_BIT_CONVERSION = YES;
				GCC_WARN_ABOUT_RETURN_TYPE = YES_ERROR;
				GCC_WARN_UNDECLARED_SELECTOR = YES;
				GCC_WARN_UNINITIALIZED_AUTOS = YES_AGGRESSIVE;
				GCC_WARN_UNUSED_FUNCTION = YES;
				GCC_WARN_UNUSED_VARIABLE = YES;
				IPHONEOS_DEPLOYMENT_TARGET = 13.6;
				MTL_ENABLE_DEBUG_INFO = INCLUDE_SOURCE;
				MTL_FAST_MATH = YES;
				ONLY_ACTIVE_ARCH = YES;
				SDKROOT = iphoneos;
				SWIFT_ACTIVE_COMPILATION_CONDITIONS = DEBUG;
				SWIFT_OPTIMIZATION_LEVEL = "-Onone";
			};
			name = Debug;
		};
		233C9BC824C22472001AE70A /* Release */ = {
			isa = XCBuildConfiguration;
			buildSettings = {
				ALWAYS_SEARCH_USER_PATHS = NO;
				CLANG_ANALYZER_NONNULL = YES;
				CLANG_ANALYZER_NUMBER_OBJECT_CONVERSION = YES_AGGRESSIVE;
				CLANG_CXX_LANGUAGE_STANDARD = "gnu++14";
				CLANG_CXX_LIBRARY = "libc++";
				CLANG_ENABLE_MODULES = YES;
				CLANG_ENABLE_OBJC_ARC = YES;
				CLANG_ENABLE_OBJC_WEAK = YES;
				CLANG_WARN_BLOCK_CAPTURE_AUTORELEASING = YES;
				CLANG_WARN_BOOL_CONVERSION = YES;
				CLANG_WARN_COMMA = YES;
				CLANG_WARN_CONSTANT_CONVERSION = YES;
				CLANG_WARN_DEPRECATED_OBJC_IMPLEMENTATIONS = YES;
				CLANG_WARN_DIRECT_OBJC_ISA_USAGE = YES_ERROR;
				CLANG_WARN_DOCUMENTATION_COMMENTS = YES;
				CLANG_WARN_EMPTY_BODY = YES;
				CLANG_WARN_ENUM_CONVERSION = YES;
				CLANG_WARN_INFINITE_RECURSION = YES;
				CLANG_WARN_INT_CONVERSION = YES;
				CLANG_WARN_NON_LITERAL_NULL_CONVERSION = YES;
				CLANG_WARN_OBJC_IMPLICIT_RETAIN_SELF = YES;
				CLANG_WARN_OBJC_LITERAL_CONVERSION = YES;
				CLANG_WARN_OBJC_ROOT_CLASS = YES_ERROR;
				CLANG_WARN_RANGE_LOOP_ANALYSIS = YES;
				CLANG_WARN_STRICT_PROTOTYPES = YES;
				CLANG_WARN_SUSPICIOUS_MOVE = YES;
				CLANG_WARN_UNGUARDED_AVAILABILITY = YES_AGGRESSIVE;
				CLANG_WARN_UNREACHABLE_CODE = YES;
				CLANG_WARN__DUPLICATE_METHOD_MATCH = YES;
				COPY_PHASE_STRIP = NO;
				DEBUG_INFORMATION_FORMAT = "dwarf-with-dsym";
				ENABLE_NS_ASSERTIONS = NO;
				ENABLE_STRICT_OBJC_MSGSEND = YES;
				GCC_C_LANGUAGE_STANDARD = gnu11;
				GCC_NO_COMMON_BLOCKS = YES;
				GCC_WARN_64_TO_32_BIT_CONVERSION = YES;
				GCC_WARN_ABOUT_RETURN_TYPE = YES_ERROR;
				GCC_WARN_UNDECLARED_SELECTOR = YES;
				GCC_WARN_UNINITIALIZED_AUTOS = YES_AGGRESSIVE;
				GCC_WARN_UNUSED_FUNCTION = YES;
				GCC_WARN_UNUSED_VARIABLE = YES;
				IPHONEOS_DEPLOYMENT_TARGET = 13.6;
				MTL_ENABLE_DEBUG_INFO = NO;
				MTL_FAST_MATH = YES;
				SDKROOT = iphoneos;
				SWIFT_COMPILATION_MODE = wholemodule;
				SWIFT_OPTIMIZATION_LEVEL = "-O";
				VALIDATE_PRODUCT = YES;
			};
			name = Release;
		};
		233C9BCA24C22472001AE70A /* Debug */ = {
			isa = XCBuildConfiguration;
			buildSettings = {
				ASSETCATALOG_COMPILER_APPICON_NAME = AppIcon;
				CODE_SIGN_STYLE = Automatic;
				INFOPLIST_FILE = WeatherMap/Info.plist;
				LD_RUNPATH_SEARCH_PATHS = (
					"$(inherited)",
					"@executable_path/Frameworks",
				);
				PRODUCT_BUNDLE_IDENTIFIER = com.matias.WeatherMap;
				PRODUCT_NAME = "$(TARGET_NAME)";
				SWIFT_VERSION = 5.0;
				TARGETED_DEVICE_FAMILY = "1,2";
			};
			name = Debug;
		};
		233C9BCB24C22472001AE70A /* Release */ = {
			isa = XCBuildConfiguration;
			buildSettings = {
				ASSETCATALOG_COMPILER_APPICON_NAME = AppIcon;
				CODE_SIGN_STYLE = Automatic;
				INFOPLIST_FILE = WeatherMap/Info.plist;
				LD_RUNPATH_SEARCH_PATHS = (
					"$(inherited)",
					"@executable_path/Frameworks",
				);
				PRODUCT_BUNDLE_IDENTIFIER = com.matias.WeatherMap;
				PRODUCT_NAME = "$(TARGET_NAME)";
				SWIFT_VERSION = 5.0;
				TARGETED_DEVICE_FAMILY = "1,2";
			};
			name = Release;
		};
		233C9BCD24C22472001AE70A /* Debug */ = {
			isa = XCBuildConfiguration;
			buildSettings = {
				ALWAYS_EMBED_SWIFT_STANDARD_LIBRARIES = YES;
				BUNDLE_LOADER = "$(TEST_HOST)";
				CODE_SIGN_STYLE = Automatic;
				INFOPLIST_FILE = WeatherMapTests/Info.plist;
				IPHONEOS_DEPLOYMENT_TARGET = 13.6;
				LD_RUNPATH_SEARCH_PATHS = (
					"$(inherited)",
					"@executable_path/Frameworks",
					"@loader_path/Frameworks",
				);
				PRODUCT_BUNDLE_IDENTIFIER = com.matias.WeatherMapTests;
				PRODUCT_NAME = "$(TARGET_NAME)";
				SWIFT_VERSION = 5.0;
				TARGETED_DEVICE_FAMILY = "1,2";
				TEST_HOST = "$(BUILT_PRODUCTS_DIR)/WeatherMap.app/WeatherMap";
			};
			name = Debug;
		};
		233C9BCE24C22472001AE70A /* Release */ = {
			isa = XCBuildConfiguration;
			buildSettings = {
				ALWAYS_EMBED_SWIFT_STANDARD_LIBRARIES = YES;
				BUNDLE_LOADER = "$(TEST_HOST)";
				CODE_SIGN_STYLE = Automatic;
				INFOPLIST_FILE = WeatherMapTests/Info.plist;
				IPHONEOS_DEPLOYMENT_TARGET = 13.6;
				LD_RUNPATH_SEARCH_PATHS = (
					"$(inherited)",
					"@executable_path/Frameworks",
					"@loader_path/Frameworks",
				);
				PRODUCT_BUNDLE_IDENTIFIER = com.matias.WeatherMapTests;
				PRODUCT_NAME = "$(TARGET_NAME)";
				SWIFT_VERSION = 5.0;
				TARGETED_DEVICE_FAMILY = "1,2";
				TEST_HOST = "$(BUILT_PRODUCTS_DIR)/WeatherMap.app/WeatherMap";
			};
			name = Release;
		};
/* End XCBuildConfiguration section */

/* Begin XCConfigurationList section */
		233C9BA524C22471001AE70A /* Build configuration list for PBXProject "WeatherMap" */ = {
			isa = XCConfigurationList;
			buildConfigurations = (
				233C9BC724C22472001AE70A /* Debug */,
				233C9BC824C22472001AE70A /* Release */,
			);
			defaultConfigurationIsVisible = 0;
			defaultConfigurationName = Release;
		};
		233C9BC924C22472001AE70A /* Build configuration list for PBXNativeTarget "WeatherMap" */ = {
			isa = XCConfigurationList;
			buildConfigurations = (
				233C9BCA24C22472001AE70A /* Debug */,
				233C9BCB24C22472001AE70A /* Release */,
			);
			defaultConfigurationIsVisible = 0;
			defaultConfigurationName = Release;
		};
		233C9BCC24C22472001AE70A /* Build configuration list for PBXNativeTarget "WeatherMapTests" */ = {
			isa = XCConfigurationList;
			buildConfigurations = (
				233C9BCD24C22472001AE70A /* Debug */,
				233C9BCE24C22472001AE70A /* Release */,
			);
			defaultConfigurationIsVisible = 0;
			defaultConfigurationName = Release;
		};
/* End XCConfigurationList section */
	};
	rootObject = 233C9BA224C22471001AE70A /* Project object */;
}
